
Microsoft Visual Studio Solution File, Format Version 12.00
# Visual Studio Version 16
VisualStudioVersion = 16.0.31911.196
MinimumVisualStudioVersion = 10.0.40219.1
Project("{FAE04EC0-301F-11D3-BF4B-00C04F79EFBC}") = "Задание 14", "Задание 14\Задание 14.csproj", "{D14819E1-7B29-4021-8A4A-83FDD9613609}"
EndProject
Global
	GlobalSection(SolutionConfigurationPlatforms) = preSolution
		Debug|Any CPU = Debug|Any CPU
		Release|Any CPU = Release|Any CPU
	EndGlobalSection
	GlobalSection(ProjectConfigurationPlatforms) = postSolution
		{D14819E1-7B29-4021-8A4A-83FDD9613609}.Debug|Any CPU.ActiveCfg = Debug|Any CPU
		{D14819E1-7B29-4021-8A4A-83FDD9613609}.Debug|Any CPU.Build.0 = Debug|Any CPU
		{D14819E1-7B29-4021-8A4A-83FDD9613609}.Release|Any CPU.ActiveCfg = Release|Any CPU
		{D14819E1-7B29-4021-8A4A-83FDD9613609}.Release|Any CPU.Build.0 = Release|Any CPU
	EndGlobalSection
	GlobalSection(SolutionProperties) = preSolution
		HideSolutionNode = FALSE
	EndGlobalSection
	GlobalSection(ExtensibilityGlobals) = postSolution
		SolutionGuid = {B7EC87C7-8A97-4AF9-A794-7B8169DB3623}
	EndGlobalSection
EndGlobal
